// !$*UTF8*$!
{
	archiveVersion = 1;
	classes = {
	};
	objectVersion = 50;
	objects = {

/* Begin PBXBuildFile section */
		4AFD14D7CA66FCF7A62A4F56 /* Pods_Study_Bus2020.framework in Frameworks */ = {isa = PBXBuildFile; fileRef = CED74CC4730B30F9F9637C22 /* Pods_Study_Bus2020.framework */; };
		6B5CE4ED23D2EC6A007E2ADD /* AppDelegate.swift in Sources */ = {isa = PBXBuildFile; fileRef = 6B5CE4EC23D2EC6A007E2ADD /* AppDelegate.swift */; };
		6B5CE4EF23D2EC6A007E2ADD /* SceneDelegate.swift in Sources */ = {isa = PBXBuildFile; fileRef = 6B5CE4EE23D2EC6A007E2ADD /* SceneDelegate.swift */; };
		6B5CE4F423D2EC6A007E2ADD /* Main.storyboard in Resources */ = {isa = PBXBuildFile; fileRef = 6B5CE4F223D2EC6A007E2ADD /* Main.storyboard */; };
		6B5CE4F723D2EC6A007E2ADD /* Study_Bus2020.xcdatamodeld in Sources */ = {isa = PBXBuildFile; fileRef = 6B5CE4F523D2EC6A007E2ADD /* Study_Bus2020.xcdatamodeld */; };
		6B5CE4F923D2EC6B007E2ADD /* Assets.xcassets in Resources */ = {isa = PBXBuildFile; fileRef = 6B5CE4F823D2EC6B007E2ADD /* Assets.xcassets */; };
		6B5CE4FC23D2EC6B007E2ADD /* LaunchScreen.storyboard in Resources */ = {isa = PBXBuildFile; fileRef = 6B5CE4FA23D2EC6B007E2ADD /* LaunchScreen.storyboard */; };
		6B5CE50423D2EE05007E2ADD /* MainViewController.swift in Sources */ = {isa = PBXBuildFile; fileRef = 6B5CE50323D2EE05007E2ADD /* MainViewController.swift */; };
		6B5CE50623D2EF8C007E2ADD /* AddViewController.swift in Sources */ = {isa = PBXBuildFile; fileRef = 6B5CE50523D2EF8C007E2ADD /* AddViewController.swift */; };
		6B5CE50923D2F2E4007E2ADD /* NetworkUtil.swift in Sources */ = {isa = PBXBuildFile; fileRef = 6B5CE50823D2F2E4007E2ADD /* NetworkUtil.swift */; };
		A04DFA8723D32DED007A9209 /* BusStopListViewModel.swift in Sources */ = {isa = PBXBuildFile; fileRef = A04DFA8623D32DED007A9209 /* BusStopListViewModel.swift */; };
		A04DFA8923D33532007A9209 /* BusParserDelegate.swift in Sources */ = {isa = PBXBuildFile; fileRef = A04DFA8823D33532007A9209 /* BusParserDelegate.swift */; };
		A04DFA8B23D33D16007A9209 /* BusStationInfoByIDViewModel.swift in Sources */ = {isa = PBXBuildFile; fileRef = A04DFA8A23D33D16007A9209 /* BusStationInfoByIDViewModel.swift */; };
		A04DFA8E23D33D3F007A9209 /* BusStationInfoByID.swift in Sources */ = {isa = PBXBuildFile; fileRef = A04DFA8D23D33D3F007A9209 /* BusStationInfoByID.swift */; };
		A04DFA9023D33D49007A9209 /* BusStopListItem.swift in Sources */ = {isa = PBXBuildFile; fileRef = A04DFA8F23D33D49007A9209 /* BusStopListItem.swift */; };
		A04DFA9223D3403A007A9209 /* BusArrivalInfoOnStation.swift in Sources */ = {isa = PBXBuildFile; fileRef = A04DFA9123D3403A007A9209 /* BusArrivalInfoOnStation.swift */; };
		A04DFA9423D340A9007A9209 /* BusArrivalInfoOnStationViewModel.swift in Sources */ = {isa = PBXBuildFile; fileRef = A04DFA9323D340A9007A9209 /* BusArrivalInfoOnStationViewModel.swift */; };
		A04DFA9623D3479A007A9209 /* BusDataSource.swift in Sources */ = {isa = PBXBuildFile; fileRef = A04DFA9523D3479A007A9209 /* BusDataSource.swift */; };
		A0786D4F23DC879B007764B5 /* Study_Bus2020_Unit_Tests.swift in Sources */ = {isa = PBXBuildFile; fileRef = A0786D4E23DC879B007764B5 /* Study_Bus2020_Unit_Tests.swift */; };
		A0786D5723DC88E5007764B5 /* BusInfomation.swift in Sources */ = {isa = PBXBuildFile; fileRef = A0786D5623DC88E5007764B5 /* BusInfomation.swift */; };
		A0786D5823DC88E5007764B5 /* BusInfomation.swift in Sources */ = {isa = PBXBuildFile; fileRef = A0786D5623DC88E5007764B5 /* BusInfomation.swift */; };
		A0786D5A23DC8ADE007764B5 /* BusInfoListByNumberViewModel.swift in Sources */ = {isa = PBXBuildFile; fileRef = A0786D5923DC8ADE007764B5 /* BusInfoListByNumberViewModel.swift */; };
		A0786D5B23DC8ADE007764B5 /* BusInfoListByNumberViewModel.swift in Sources */ = {isa = PBXBuildFile; fileRef = A0786D5923DC8ADE007764B5 /* BusInfoListByNumberViewModel.swift */; };
/* End PBXBuildFile section */

/* Begin PBXContainerItemProxy section */
		A0786D5123DC879B007764B5 /* PBXContainerItemProxy */ = {
			isa = PBXContainerItemProxy;
			containerPortal = 6B5CE4E123D2EC6A007E2ADD /* Project object */;
			proxyType = 1;
			remoteGlobalIDString = 6B5CE4E823D2EC6A007E2ADD;
			remoteInfo = Study_Bus2020;
		};
/* End PBXContainerItemProxy section */

/* Begin PBXFileReference section */
		2EA8589554C2DE8A5413812C /* Pods-Study_Bus2020.debug.xcconfig */ = {isa = PBXFileReference; includeInIndex = 1; lastKnownFileType = text.xcconfig; name = "Pods-Study_Bus2020.debug.xcconfig"; path = "Pods/Target Support Files/Pods-Study_Bus2020/Pods-Study_Bus2020.debug.xcconfig"; sourceTree = "<group>"; };
		6B5CE4E923D2EC6A007E2ADD /* Study_Bus2020.app */ = {isa = PBXFileReference; explicitFileType = wrapper.application; includeInIndex = 0; path = Study_Bus2020.app; sourceTree = BUILT_PRODUCTS_DIR; };
		6B5CE4EC23D2EC6A007E2ADD /* AppDelegate.swift */ = {isa = PBXFileReference; lastKnownFileType = sourcecode.swift; path = AppDelegate.swift; sourceTree = "<group>"; };
		6B5CE4EE23D2EC6A007E2ADD /* SceneDelegate.swift */ = {isa = PBXFileReference; lastKnownFileType = sourcecode.swift; path = SceneDelegate.swift; sourceTree = "<group>"; };
		6B5CE4F323D2EC6A007E2ADD /* Base */ = {isa = PBXFileReference; lastKnownFileType = file.storyboard; name = Base; path = Base.lproj/Main.storyboard; sourceTree = "<group>"; };
		6B5CE4F623D2EC6A007E2ADD /* Study_Bus2020.xcdatamodel */ = {isa = PBXFileReference; lastKnownFileType = wrapper.xcdatamodel; path = Study_Bus2020.xcdatamodel; sourceTree = "<group>"; };
		6B5CE4F823D2EC6B007E2ADD /* Assets.xcassets */ = {isa = PBXFileReference; lastKnownFileType = folder.assetcatalog; path = Assets.xcassets; sourceTree = "<group>"; };
		6B5CE4FB23D2EC6B007E2ADD /* Base */ = {isa = PBXFileReference; lastKnownFileType = file.storyboard; name = Base; path = Base.lproj/LaunchScreen.storyboard; sourceTree = "<group>"; };
		6B5CE4FD23D2EC6B007E2ADD /* Info.plist */ = {isa = PBXFileReference; lastKnownFileType = text.plist.xml; path = Info.plist; sourceTree = "<group>"; };
		6B5CE50323D2EE05007E2ADD /* MainViewController.swift */ = {isa = PBXFileReference; fileEncoding = 4; lastKnownFileType = sourcecode.swift; path = MainViewController.swift; sourceTree = "<group>"; };
		6B5CE50523D2EF8C007E2ADD /* AddViewController.swift */ = {isa = PBXFileReference; lastKnownFileType = sourcecode.swift; path = AddViewController.swift; sourceTree = "<group>"; };
		6B5CE50823D2F2E4007E2ADD /* NetworkUtil.swift */ = {isa = PBXFileReference; lastKnownFileType = sourcecode.swift; path = NetworkUtil.swift; sourceTree = "<group>"; };
		A04DFA8623D32DED007A9209 /* BusStopListViewModel.swift */ = {isa = PBXFileReference; lastKnownFileType = sourcecode.swift; path = BusStopListViewModel.swift; sourceTree = "<group>"; };
		A04DFA8823D33532007A9209 /* BusParserDelegate.swift */ = {isa = PBXFileReference; lastKnownFileType = sourcecode.swift; path = BusParserDelegate.swift; sourceTree = "<group>"; };
		A04DFA8A23D33D16007A9209 /* BusStationInfoByIDViewModel.swift */ = {isa = PBXFileReference; lastKnownFileType = sourcecode.swift; path = BusStationInfoByIDViewModel.swift; sourceTree = "<group>"; };
		A04DFA8D23D33D3F007A9209 /* BusStationInfoByID.swift */ = {isa = PBXFileReference; lastKnownFileType = sourcecode.swift; path = BusStationInfoByID.swift; sourceTree = "<group>"; };
		A04DFA8F23D33D49007A9209 /* BusStopListItem.swift */ = {isa = PBXFileReference; lastKnownFileType = sourcecode.swift; path = BusStopListItem.swift; sourceTree = "<group>"; };
		A04DFA9123D3403A007A9209 /* BusArrivalInfoOnStation.swift */ = {isa = PBXFileReference; lastKnownFileType = sourcecode.swift; path = BusArrivalInfoOnStation.swift; sourceTree = "<group>"; };
		A04DFA9323D340A9007A9209 /* BusArrivalInfoOnStationViewModel.swift */ = {isa = PBXFileReference; lastKnownFileType = sourcecode.swift; path = BusArrivalInfoOnStationViewModel.swift; sourceTree = "<group>"; };
		A04DFA9523D3479A007A9209 /* BusDataSource.swift */ = {isa = PBXFileReference; lastKnownFileType = sourcecode.swift; path = BusDataSource.swift; sourceTree = "<group>"; };
		A0786D4C23DC879B007764B5 /* Study_Bus2020_Unit_Tests.xctest */ = {isa = PBXFileReference; explicitFileType = wrapper.cfbundle; includeInIndex = 0; path = Study_Bus2020_Unit_Tests.xctest; sourceTree = BUILT_PRODUCTS_DIR; };
		A0786D4E23DC879B007764B5 /* Study_Bus2020_Unit_Tests.swift */ = {isa = PBXFileReference; lastKnownFileType = sourcecode.swift; path = Study_Bus2020_Unit_Tests.swift; sourceTree = "<group>"; };
		A0786D5023DC879B007764B5 /* Info.plist */ = {isa = PBXFileReference; lastKnownFileType = text.plist.xml; path = Info.plist; sourceTree = "<group>"; };
		A0786D5623DC88E5007764B5 /* BusInfomation.swift */ = {isa = PBXFileReference; lastKnownFileType = sourcecode.swift; path = BusInfomation.swift; sourceTree = "<group>"; };
		A0786D5923DC8ADE007764B5 /* BusInfoListByNumberViewModel.swift */ = {isa = PBXFileReference; lastKnownFileType = sourcecode.swift; path = BusInfoListByNumberViewModel.swift; sourceTree = "<group>"; };
		C72E700B51473AB4B25B4168 /* Pods-Study_Bus2020.release.xcconfig */ = {isa = PBXFileReference; includeInIndex = 1; lastKnownFileType = text.xcconfig; name = "Pods-Study_Bus2020.release.xcconfig"; path = "Pods/Target Support Files/Pods-Study_Bus2020/Pods-Study_Bus2020.release.xcconfig"; sourceTree = "<group>"; };
		CED74CC4730B30F9F9637C22 /* Pods_Study_Bus2020.framework */ = {isa = PBXFileReference; explicitFileType = wrapper.framework; includeInIndex = 0; path = Pods_Study_Bus2020.framework; sourceTree = BUILT_PRODUCTS_DIR; };
/* End PBXFileReference section */

/* Begin PBXFrameworksBuildPhase section */
		6B5CE4E623D2EC6A007E2ADD /* Frameworks */ = {
			isa = PBXFrameworksBuildPhase;
			buildActionMask = 2147483647;
			files = (
				4AFD14D7CA66FCF7A62A4F56 /* Pods_Study_Bus2020.framework in Frameworks */,
			);
			runOnlyForDeploymentPostprocessing = 0;
		};
		A0786D4923DC879B007764B5 /* Frameworks */ = {
			isa = PBXFrameworksBuildPhase;
			buildActionMask = 2147483647;
			files = (
			);
			runOnlyForDeploymentPostprocessing = 0;
		};
/* End PBXFrameworksBuildPhase section */

/* Begin PBXGroup section */
		6B5CE4E023D2EC6A007E2ADD = {
			isa = PBXGroup;
			children = (
				6B5CE4EB23D2EC6A007E2ADD /* Study_Bus2020 */,
				A0786D4D23DC879B007764B5 /* Study_Bus2020_Unit_Tests */,
				6B5CE4EA23D2EC6A007E2ADD /* Products */,
				88A2B9A53FBF7CA8866D36F4 /* Pods */,
				A4F4DB20749476CAE88042C5 /* Frameworks */,
			);
			sourceTree = "<group>";
		};
		6B5CE4EA23D2EC6A007E2ADD /* Products */ = {
			isa = PBXGroup;
			children = (
				6B5CE4E923D2EC6A007E2ADD /* Study_Bus2020.app */,
				A0786D4C23DC879B007764B5 /* Study_Bus2020_Unit_Tests.xctest */,
			);
			name = Products;
			sourceTree = "<group>";
		};
		6B5CE4EB23D2EC6A007E2ADD /* Study_Bus2020 */ = {
			isa = PBXGroup;
			children = (
				6B5CE4EC23D2EC6A007E2ADD /* AppDelegate.swift */,
				6B5CE4EE23D2EC6A007E2ADD /* SceneDelegate.swift */,
				6B5CE50323D2EE05007E2ADD /* MainViewController.swift */,
				6B5CE50523D2EF8C007E2ADD /* AddViewController.swift */,
				A04DFA8C23D33D2E007A9209 /* Model */,
				A04DFA8523D32DC8007A9209 /* Parser */,
				6B5CE50723D2F2D5007E2ADD /* Utils */,
				6B5CE4F223D2EC6A007E2ADD /* Main.storyboard */,
				6B5CE4F823D2EC6B007E2ADD /* Assets.xcassets */,
				6B5CE4FA23D2EC6B007E2ADD /* LaunchScreen.storyboard */,
				6B5CE4FD23D2EC6B007E2ADD /* Info.plist */,
				6B5CE4F523D2EC6A007E2ADD /* Study_Bus2020.xcdatamodeld */,
			);
			path = Study_Bus2020;
			sourceTree = "<group>";
		};
		6B5CE50723D2F2D5007E2ADD /* Utils */ = {
			isa = PBXGroup;
			children = (
				6B5CE50823D2F2E4007E2ADD /* NetworkUtil.swift */,
			);
			path = Utils;
			sourceTree = "<group>";
		};
		88A2B9A53FBF7CA8866D36F4 /* Pods */ = {
			isa = PBXGroup;
			children = (
				2EA8589554C2DE8A5413812C /* Pods-Study_Bus2020.debug.xcconfig */,
				C72E700B51473AB4B25B4168 /* Pods-Study_Bus2020.release.xcconfig */,
			);
			name = Pods;
			sourceTree = "<group>";
		};
		A04DFA8523D32DC8007A9209 /* Parser */ = {
			isa = PBXGroup;
			children = (
				A04DFA8623D32DED007A9209 /* BusStopListViewModel.swift */,
				A04DFA9323D340A9007A9209 /* BusArrivalInfoOnStationViewModel.swift */,
				A04DFA8A23D33D16007A9209 /* BusStationInfoByIDViewModel.swift */,
				A0786D5923DC8ADE007764B5 /* BusInfoListByNumberViewModel.swift */,
				A04DFA8823D33532007A9209 /* BusParserDelegate.swift */,
				A04DFA9523D3479A007A9209 /* BusDataSource.swift */,
			);
			path = Parser;
			sourceTree = "<group>";
		};
		A04DFA8C23D33D2E007A9209 /* Model */ = {
			isa = PBXGroup;
			children = (
				A04DFA8D23D33D3F007A9209 /* BusStationInfoByID.swift */,
				A04DFA9123D3403A007A9209 /* BusArrivalInfoOnStation.swift */,
				A04DFA8F23D33D49007A9209 /* BusStopListItem.swift */,
				A0786D5623DC88E5007764B5 /* BusInfomation.swift */,
			);
			path = Model;
			sourceTree = "<group>";
		};
		A0786D4D23DC879B007764B5 /* Study_Bus2020_Unit_Tests */ = {
			isa = PBXGroup;
			children = (
				A0786D4E23DC879B007764B5 /* Study_Bus2020_Unit_Tests.swift */,
				A0786D5023DC879B007764B5 /* Info.plist */,
			);
			path = Study_Bus2020_Unit_Tests;
			sourceTree = "<group>";
		};
		A4F4DB20749476CAE88042C5 /* Frameworks */ = {
			isa = PBXGroup;
			children = (
				CED74CC4730B30F9F9637C22 /* Pods_Study_Bus2020.framework */,
			);
			name = Frameworks;
			sourceTree = "<group>";
		};
/* End PBXGroup section */

/* Begin PBXNativeTarget section */
		6B5CE4E823D2EC6A007E2ADD /* Study_Bus2020 */ = {
			isa = PBXNativeTarget;
			buildConfigurationList = 6B5CE50023D2EC6B007E2ADD /* Build configuration list for PBXNativeTarget "Study_Bus2020" */;
			buildPhases = (
				E622A9D18A4E49507274FD76 /* [CP] Check Pods Manifest.lock */,
				6B5CE4E523D2EC6A007E2ADD /* Sources */,
				6B5CE4E623D2EC6A007E2ADD /* Frameworks */,
				6B5CE4E723D2EC6A007E2ADD /* Resources */,
				76AC582DF98302153754BE83 /* [CP] Embed Pods Frameworks */,
			);
			buildRules = (
			);
			dependencies = (
			);
			name = Study_Bus2020;
			productName = Study_Bus2020;
			productReference = 6B5CE4E923D2EC6A007E2ADD /* Study_Bus2020.app */;
			productType = "com.apple.product-type.application";
		};
		A0786D4B23DC879B007764B5 /* Study_Bus2020_Unit_Tests */ = {
			isa = PBXNativeTarget;
			buildConfigurationList = A0786D5523DC879B007764B5 /* Build configuration list for PBXNativeTarget "Study_Bus2020_Unit_Tests" */;
			buildPhases = (
				A0786D4823DC879B007764B5 /* Sources */,
				A0786D4923DC879B007764B5 /* Frameworks */,
				A0786D4A23DC879B007764B5 /* Resources */,
			);
			buildRules = (
			);
			dependencies = (
				A0786D5223DC879B007764B5 /* PBXTargetDependency */,
			);
			name = Study_Bus2020_Unit_Tests;
			productName = Study_Bus2020_Unit_Tests;
			productReference = A0786D4C23DC879B007764B5 /* Study_Bus2020_Unit_Tests.xctest */;
			productType = "com.apple.product-type.bundle.unit-test";
		};
/* End PBXNativeTarget section */

/* Begin PBXProject section */
		6B5CE4E123D2EC6A007E2ADD /* Project object */ = {
			isa = PBXProject;
			attributes = {
				LastSwiftUpdateCheck = 1130;
				LastUpgradeCheck = 1130;
				ORGANIZATIONNAME = kimjiseob;
				TargetAttributes = {
					6B5CE4E823D2EC6A007E2ADD = {
						CreatedOnToolsVersion = 11.3;
					};
					A0786D4B23DC879B007764B5 = {
						CreatedOnToolsVersion = 11.3.1;
						TestTargetID = 6B5CE4E823D2EC6A007E2ADD;
					};
				};
			};
			buildConfigurationList = 6B5CE4E423D2EC6A007E2ADD /* Build configuration list for PBXProject "Study_Bus2020" */;
			compatibilityVersion = "Xcode 9.3";
			developmentRegion = en;
			hasScannedForEncodings = 0;
			knownRegions = (
				en,
				Base,
			);
			mainGroup = 6B5CE4E023D2EC6A007E2ADD;
			productRefGroup = 6B5CE4EA23D2EC6A007E2ADD /* Products */;
			projectDirPath = "";
			projectRoot = "";
			targets = (
				6B5CE4E823D2EC6A007E2ADD /* Study_Bus2020 */,
				A0786D4B23DC879B007764B5 /* Study_Bus2020_Unit_Tests */,
			);
		};
/* End PBXProject section */

/* Begin PBXResourcesBuildPhase section */
		6B5CE4E723D2EC6A007E2ADD /* Resources */ = {
			isa = PBXResourcesBuildPhase;
			buildActionMask = 2147483647;
			files = (
				6B5CE4FC23D2EC6B007E2ADD /* LaunchScreen.storyboard in Resources */,
				6B5CE4F923D2EC6B007E2ADD /* Assets.xcassets in Resources */,
				6B5CE4F423D2EC6A007E2ADD /* Main.storyboard in Resources */,
			);
			runOnlyForDeploymentPostprocessing = 0;
		};
		A0786D4A23DC879B007764B5 /* Resources */ = {
			isa = PBXResourcesBuildPhase;
			buildActionMask = 2147483647;
			files = (
			);
			runOnlyForDeploymentPostprocessing = 0;
		};
/* End PBXResourcesBuildPhase section */

/* Begin PBXShellScriptBuildPhase section */
		76AC582DF98302153754BE83 /* [CP] Embed Pods Frameworks */ = {
			isa = PBXShellScriptBuildPhase;
			buildActionMask = 2147483647;
			files = (
			);
			inputFileListPaths = (
			);
			inputPaths = (
				"${SRCROOT}/Pods/Target Support Files/Pods-Study_Bus2020/Pods-Study_Bus2020-frameworks.sh",
				"${BUILT_PRODUCTS_DIR}/Alamofire/Alamofire.framework",
				"${BUILT_PRODUCTS_DIR}/RxCocoa/RxCocoa.framework",
				"${BUILT_PRODUCTS_DIR}/RxRelay/RxRelay.framework",
				"${BUILT_PRODUCTS_DIR}/RxSwift/RxSwift.framework",
			);
			name = "[CP] Embed Pods Frameworks";
			outputFileListPaths = (
			);
			outputPaths = (
				"${TARGET_BUILD_DIR}/${FRAMEWORKS_FOLDER_PATH}/Alamofire.framework",
				"${TARGET_BUILD_DIR}/${FRAMEWORKS_FOLDER_PATH}/RxCocoa.framework",
				"${TARGET_BUILD_DIR}/${FRAMEWORKS_FOLDER_PATH}/RxRelay.framework",
				"${TARGET_BUILD_DIR}/${FRAMEWORKS_FOLDER_PATH}/RxSwift.framework",
			);
			runOnlyForDeploymentPostprocessing = 0;
			shellPath = /bin/sh;
			shellScript = "\"${SRCROOT}/Pods/Target Support Files/Pods-Study_Bus2020/Pods-Study_Bus2020-frameworks.sh\"\n";
			showEnvVarsInLog = 0;
		};
		E622A9D18A4E49507274FD76 /* [CP] Check Pods Manifest.lock */ = {
			isa = PBXShellScriptBuildPhase;
			buildActionMask = 2147483647;
			files = (
			);
			inputFileListPaths = (
			);
			inputPaths = (
				"${PODS_PODFILE_DIR_PATH}/Podfile.lock",
				"${PODS_ROOT}/Manifest.lock",
			);
			name = "[CP] Check Pods Manifest.lock";
			outputFileListPaths = (
			);
			outputPaths = (
				"$(DERIVED_FILE_DIR)/Pods-Study_Bus2020-checkManifestLockResult.txt",
			);
			runOnlyForDeploymentPostprocessing = 0;
			shellPath = /bin/sh;
			shellScript = "diff \"${PODS_PODFILE_DIR_PATH}/Podfile.lock\" \"${PODS_ROOT}/Manifest.lock\" > /dev/null\nif [ $? != 0 ] ; then\n    # print error to STDERR\n    echo \"error: The sandbox is not in sync with the Podfile.lock. Run 'pod install' or update your CocoaPods installation.\" >&2\n    exit 1\nfi\n# This output is used by Xcode 'outputs' to avoid re-running this script phase.\necho \"SUCCESS\" > \"${SCRIPT_OUTPUT_FILE_0}\"\n";
			showEnvVarsInLog = 0;
		};
/* End PBXShellScriptBuildPhase section */

/* Begin PBXSourcesBuildPhase section */
		6B5CE4E523D2EC6A007E2ADD /* Sources */ = {
			isa = PBXSourcesBuildPhase;
			buildActionMask = 2147483647;
			files = (
				6B5CE50623D2EF8C007E2ADD /* AddViewController.swift in Sources */,
				A04DFA8E23D33D3F007A9209 /* BusStationInfoByID.swift in Sources */,
				A04DFA9223D3403A007A9209 /* BusArrivalInfoOnStation.swift in Sources */,
				6B5CE4F723D2EC6A007E2ADD /* Study_Bus2020.xcdatamodeld in Sources */,
				A04DFA8B23D33D16007A9209 /* BusStationInfoByIDViewModel.swift in Sources */,
				6B5CE50923D2F2E4007E2ADD /* NetworkUtil.swift in Sources */,
				6B5CE4ED23D2EC6A007E2ADD /* AppDelegate.swift in Sources */,
				A04DFA9023D33D49007A9209 /* BusStopListItem.swift in Sources */,
				6B5CE4EF23D2EC6A007E2ADD /* SceneDelegate.swift in Sources */,
				6B5CE50423D2EE05007E2ADD /* MainViewController.swift in Sources */,
				A04DFA8923D33532007A9209 /* BusParserDelegate.swift in Sources */,
				A0786D5A23DC8ADE007764B5 /* BusInfoListByNumberViewModel.swift in Sources */,
				A04DFA9623D3479A007A9209 /* BusDataSource.swift in Sources */,
				A0786D5723DC88E5007764B5 /* BusInfomation.swift in Sources */,
				A04DFA9423D340A9007A9209 /* BusArrivalInfoOnStationViewModel.swift in Sources */,
				A04DFA8723D32DED007A9209 /* BusStopListViewModel.swift in Sources */,
			);
			runOnlyForDeploymentPostprocessing = 0;
		};
		A0786D4823DC879B007764B5 /* Sources */ = {
			isa = PBXSourcesBuildPhase;
			buildActionMask = 2147483647;
			files = (
				A0786D5823DC88E5007764B5 /* BusInfomation.swift in Sources */,
				A0786D5B23DC8ADE007764B5 /* BusInfoListByNumberViewModel.swift in Sources */,
				A0786D4F23DC879B007764B5 /* Study_Bus2020_Unit_Tests.swift in Sources */,
			);
			runOnlyForDeploymentPostprocessing = 0;
		};
/* End PBXSourcesBuildPhase section */

/* Begin PBXTargetDependency section */
		A0786D5223DC879B007764B5 /* PBXTargetDependency */ = {
			isa = PBXTargetDependency;
			target = 6B5CE4E823D2EC6A007E2ADD /* Study_Bus2020 */;
			targetProxy = A0786D5123DC879B007764B5 /* PBXContainerItemProxy */;
		};
/* End PBXTargetDependency section */

/* Begin PBXVariantGroup section */
		6B5CE4F223D2EC6A007E2ADD /* Main.storyboard */ = {
			isa = PBXVariantGroup;
			children = (
				6B5CE4F323D2EC6A007E2ADD /* Base */,
			);
			name = Main.storyboard;
			sourceTree = "<group>";
		};
		6B5CE4FA23D2EC6B007E2ADD /* LaunchScreen.storyboard */ = {
			isa = PBXVariantGroup;
			children = (
				6B5CE4FB23D2EC6B007E2ADD /* Base */,
			);
			name = LaunchScreen.storyboard;
			sourceTree = "<group>";
		};
/* End PBXVariantGroup section */

/* Begin XCBuildConfiguration section */
		6B5CE4FE23D2EC6B007E2ADD /* Debug */ = {
			isa = XCBuildConfiguration;
			buildSettings = {
				ALWAYS_SEARCH_USER_PATHS = NO;
				CLANG_ANALYZER_NONNULL = YES;
				CLANG_ANALYZER_NUMBER_OBJECT_CONVERSION = YES_AGGRESSIVE;
				CLANG_CXX_LANGUAGE_STANDARD = "gnu++14";
				CLANG_CXX_LIBRARY = "libc++";
				CLANG_ENABLE_MODULES = YES;
				CLANG_ENABLE_OBJC_ARC = YES;
				CLANG_ENABLE_OBJC_WEAK = YES;
				CLANG_WARN_BLOCK_CAPTURE_AUTORELEASING = YES;
				CLANG_WARN_BOOL_CONVERSION = YES;
				CLANG_WARN_COMMA = YES;
				CLANG_WARN_CONSTANT_CONVERSION = YES;
				CLANG_WARN_DEPRECATED_OBJC_IMPLEMENTATIONS = YES;
				CLANG_WARN_DIRECT_OBJC_ISA_USAGE = YES_ERROR;
				CLANG_WARN_DOCUMENTATION_COMMENTS = YES;
				CLANG_WARN_EMPTY_BODY = YES;
				CLANG_WARN_ENUM_CONVERSION = YES;
				CLANG_WARN_INFINITE_RECURSION = YES;
				CLANG_WARN_INT_CONVERSION = YES;
				CLANG_WARN_NON_LITERAL_NULL_CONVERSION = YES;
				CLANG_WARN_OBJC_IMPLICIT_RETAIN_SELF = YES;
				CLANG_WARN_OBJC_LITERAL_CONVERSION = YES;
				CLANG_WARN_OBJC_ROOT_CLASS = YES_ERROR;
				CLANG_WARN_RANGE_LOOP_ANALYSIS = YES;
				CLANG_WARN_STRICT_PROTOTYPES = YES;
				CLANG_WARN_SUSPICIOUS_MOVE = YES;
				CLANG_WARN_UNGUARDED_AVAILABILITY = YES_AGGRESSIVE;
				CLANG_WARN_UNREACHABLE_CODE = YES;
				CLANG_WARN__DUPLICATE_METHOD_MATCH = YES;
				COPY_PHASE_STRIP = NO;
				DEBUG_INFORMATION_FORMAT = dwarf;
				ENABLE_STRICT_OBJC_MSGSEND = YES;
				ENABLE_TESTABILITY = YES;
				GCC_C_LANGUAGE_STANDARD = gnu11;
				GCC_DYNAMIC_NO_PIC = NO;
				GCC_NO_COMMON_BLOCKS = YES;
				GCC_OPTIMIZATION_LEVEL = 0;
				GCC_PREPROCESSOR_DEFINITIONS = (
					"DEBUG=1",
					"$(inherited)",
				);
				GCC_WARN_64_TO_32_BIT_CONVERSION = YES;
				GCC_WARN_ABOUT_RETURN_TYPE = YES_ERROR;
				GCC_WARN_UNDECLARED_SELECTOR = YES;
				GCC_WARN_UNINITIALIZED_AUTOS = YES_AGGRESSIVE;
				GCC_WARN_UNUSED_FUNCTION = YES;
				GCC_WARN_UNUSED_VARIABLE = YES;
				IPHONEOS_DEPLOYMENT_TARGET = 13.2;
				MTL_ENABLE_DEBUG_INFO = INCLUDE_SOURCE;
				MTL_FAST_MATH = YES;
				ONLY_ACTIVE_ARCH = YES;
				SDKROOT = iphoneos;
				SWIFT_ACTIVE_COMPILATION_CONDITIONS = DEBUG;
				SWIFT_OPTIMIZATION_LEVEL = "-Onone";
			};
			name = Debug;
		};
		6B5CE4FF23D2EC6B007E2ADD /* Release */ = {
			isa = XCBuildConfiguration;
			buildSettings = {
				ALWAYS_SEARCH_USER_PATHS = NO;
				CLANG_ANALYZER_NONNULL = YES;
				CLANG_ANALYZER_NUMBER_OBJECT_CONVERSION = YES_AGGRESSIVE;
				CLANG_CXX_LANGUAGE_STANDARD = "gnu++14";
				CLANG_CXX_LIBRARY = "libc++";
				CLANG_ENABLE_MODULES = YES;
				CLANG_ENABLE_OBJC_ARC = YES;
				CLANG_ENABLE_OBJC_WEAK = YES;
				CLANG_WARN_BLOCK_CAPTURE_AUTORELEASING = YES;
				CLANG_WARN_BOOL_CONVERSION = YES;
				CLANG_WARN_COMMA = YES;
				CLANG_WARN_CONSTANT_CONVERSION = YES;
				CLANG_WARN_DEPRECATED_OBJC_IMPLEMENTATIONS = YES;
				CLANG_WARN_DIRECT_OBJC_ISA_USAGE = YES_ERROR;
				CLANG_WARN_DOCUMENTATION_COMMENTS = YES;
				CLANG_WARN_EMPTY_BODY = YES;
				CLANG_WARN_ENUM_CONVERSION = YES;
				CLANG_WARN_INFINITE_RECURSION = YES;
				CLANG_WARN_INT_CONVERSION = YES;
				CLANG_WARN_NON_LITERAL_NULL_CONVERSION = YES;
				CLANG_WARN_OBJC_IMPLICIT_RETAIN_SELF = YES;
				CLANG_WARN_OBJC_LITERAL_CONVERSION = YES;
				CLANG_WARN_OBJC_ROOT_CLASS = YES_ERROR;
				CLANG_WARN_RANGE_LOOP_ANALYSIS = YES;
				CLANG_WARN_STRICT_PROTOTYPES = YES;
				CLANG_WARN_SUSPICIOUS_MOVE = YES;
				CLANG_WARN_UNGUARDED_AVAILABILITY = YES_AGGRESSIVE;
				CLANG_WARN_UNREACHABLE_CODE = YES;
				CLANG_WARN__DUPLICATE_METHOD_MATCH = YES;
				COPY_PHASE_STRIP = NO;
				DEBUG_INFORMATION_FORMAT = "dwarf-with-dsym";
				ENABLE_NS_ASSERTIONS = NO;
				ENABLE_STRICT_OBJC_MSGSEND = YES;
				GCC_C_LANGUAGE_STANDARD = gnu11;
				GCC_NO_COMMON_BLOCKS = YES;
				GCC_WARN_64_TO_32_BIT_CONVERSION = YES;
				GCC_WARN_ABOUT_RETURN_TYPE = YES_ERROR;
				GCC_WARN_UNDECLARED_SELECTOR = YES;
				GCC_WARN_UNINITIALIZED_AUTOS = YES_AGGRESSIVE;
				GCC_WARN_UNUSED_FUNCTION = YES;
				GCC_WARN_UNUSED_VARIABLE = YES;
				IPHONEOS_DEPLOYMENT_TARGET = 13.2;
				MTL_ENABLE_DEBUG_INFO = NO;
				MTL_FAST_MATH = YES;
				SDKROOT = iphoneos;
				SWIFT_COMPILATION_MODE = wholemodule;
				SWIFT_OPTIMIZATION_LEVEL = "-O";
				VALIDATE_PRODUCT = YES;
			};
			name = Release;
		};
		6B5CE50123D2EC6B007E2ADD /* Debug */ = {
			isa = XCBuildConfiguration;
			baseConfigurationReference = 2EA8589554C2DE8A5413812C /* Pods-Study_Bus2020.debug.xcconfig */;
			buildSettings = {
				ASSETCATALOG_COMPILER_APPICON_NAME = AppIcon;
				CODE_SIGN_STYLE = Automatic;
				DEVELOPMENT_TEAM = HWY63NUUS4;
				INFOPLIST_FILE = Study_Bus2020/Info.plist;
				LD_RUNPATH_SEARCH_PATHS = (
					"$(inherited)",
					"@executable_path/Frameworks",
				);
				PRODUCT_BUNDLE_IDENTIFIER = "com.JS.Study-Bus";
				PRODUCT_NAME = "$(TARGET_NAME)";
				SWIFT_VERSION = 5.0;
				TARGETED_DEVICE_FAMILY = "1,2";
			};
			name = Debug;
		};
		6B5CE50223D2EC6B007E2ADD /* Release */ = {
			isa = XCBuildConfiguration;
			baseConfigurationReference = C72E700B51473AB4B25B4168 /* Pods-Study_Bus2020.release.xcconfig */;
			buildSettings = {
				ASSETCATALOG_COMPILER_APPICON_NAME = AppIcon;
				CODE_SIGN_STYLE = Automatic;
				DEVELOPMENT_TEAM = HWY63NUUS4;
				INFOPLIST_FILE = Study_Bus2020/Info.plist;
				LD_RUNPATH_SEARCH_PATHS = (
					"$(inherited)",
					"@executable_path/Frameworks",
				);
				PRODUCT_BUNDLE_IDENTIFIER = "com.JS.Study-Bus";
				PRODUCT_NAME = "$(TARGET_NAME)";
				SWIFT_VERSION = 5.0;
				TARGETED_DEVICE_FAMILY = "1,2";
			};
			name = Release;
		};
		A0786D5323DC879B007764B5 /* Debug */ = {
			isa = XCBuildConfiguration;
			buildSettings = {
				BUNDLE_LOADER = "$(TEST_HOST)";
				CODE_SIGN_STYLE = Automatic;
				DEVELOPMENT_TEAM = HWY63NUUS4;
				INFOPLIST_FILE = Study_Bus2020_Unit_Tests/Info.plist;
				LD_RUNPATH_SEARCH_PATHS = (
					"$(inherited)",
					"@executable_path/Frameworks",
					"@loader_path/Frameworks",
				);
				PRODUCT_BUNDLE_IDENTIFIER = "com.JS.Study.Study-Bus2020-Unit-Tests";
				PRODUCT_NAME = "$(TARGET_NAME)";
				SWIFT_VERSION = 5.0;
				TARGETED_DEVICE_FAMILY = "1,2";
				TEST_HOST = "$(BUILT_PRODUCTS_DIR)/Study_Bus2020.app/Study_Bus2020";
			};
			name = Debug;
		};
		A0786D5423DC879B007764B5 /* Release */ = {
			isa = XCBuildConfiguration;
			buildSettings = {
				BUNDLE_LOADER = "$(TEST_HOST)";
				CODE_SIGN_STYLE = Automatic;
				DEVELOPMENT_TEAM = HWY63NUUS4;
				INFOPLIST_FILE = Study_Bus2020_Unit_Tests/Info.plist;
				LD_RUNPATH_SEARCH_PATHS = (
					"$(inherited)",
					"@executable_path/Frameworks",
					"@loader_path/Frameworks",
				);
				PRODUCT_BUNDLE_IDENTIFIER = "com.JS.Study.Study-Bus2020-Unit-Tests";
				PRODUCT_NAME = "$(TARGET_NAME)";
				SWIFT_VERSION = 5.0;
				TARGETED_DEVICE_FAMILY = "1,2";
				TEST_HOST = "$(BUILT_PRODUCTS_DIR)/Study_Bus2020.app/Study_Bus2020";
			};
			name = Release;
		};
/* End XCBuildConfiguration section */

/* Begin XCConfigurationList section */
		6B5CE4E423D2EC6A007E2ADD /* Build configuration list for PBXProject "Study_Bus2020" */ = {
			isa = XCConfigurationList;
			buildConfigurations = (
				6B5CE4FE23D2EC6B007E2ADD /* Debug */,
				6B5CE4FF23D2EC6B007E2ADD /* Release */,
			);
			defaultConfigurationIsVisible = 0;
			defaultConfigurationName = Release;
		};
		6B5CE50023D2EC6B007E2ADD /* Build configuration list for PBXNativeTarget "Study_Bus2020" */ = {
			isa = XCConfigurationList;
			buildConfigurations = (
				6B5CE50123D2EC6B007E2ADD /* Debug */,
				6B5CE50223D2EC6B007E2ADD /* Release */,
			);
			defaultConfigurationIsVisible = 0;
			defaultConfigurationName = Release;
		};
		A0786D5523DC879B007764B5 /* Build configuration list for PBXNativeTarget "Study_Bus2020_Unit_Tests" */ = {
			isa = XCConfigurationList;
			buildConfigurations = (
				A0786D5323DC879B007764B5 /* Debug */,
				A0786D5423DC879B007764B5 /* Release */,
			);
			defaultConfigurationIsVisible = 0;
			defaultConfigurationName = Release;
		};
/* End XCConfigurationList section */

/* Begin XCVersionGroup section */
		6B5CE4F523D2EC6A007E2ADD /* Study_Bus2020.xcdatamodeld */ = {
			isa = XCVersionGroup;
			children = (
				6B5CE4F623D2EC6A007E2ADD /* Study_Bus2020.xcdatamodel */,
			);
			currentVersion = 6B5CE4F623D2EC6A007E2ADD /* Study_Bus2020.xcdatamodel */;
			path = Study_Bus2020.xcdatamodeld;
			sourceTree = "<group>";
			versionGroupType = wrapper.xcdatamodel;
		};
/* End XCVersionGroup section */
	};
	rootObject = 6B5CE4E123D2EC6A007E2ADD /* Project object */;
}
