// !$*UTF8*$!
{
	archiveVersion = 1;
	classes = {
	};
	objectVersion = 50;
	objects = {

/* Begin PBXBuildFile section */
		6B5DD43D23B5E94B009B4F79 /* AppDelegate.swift in Sources */ = {isa = PBXBuildFile; fileRef = 6B5DD43C23B5E94B009B4F79 /* AppDelegate.swift */; };
		6B5DD43F23B5E94B009B4F79 /* ViewController.swift in Sources */ = {isa = PBXBuildFile; fileRef = 6B5DD43E23B5E94B009B4F79 /* ViewController.swift */; };
		6B5DD44223B5E94B009B4F79 /* Main.storyboard in Resources */ = {isa = PBXBuildFile; fileRef = 6B5DD44023B5E94B009B4F79 /* Main.storyboard */; };
		6B5DD44423B5E94E009B4F79 /* Assets.xcassets in Resources */ = {isa = PBXBuildFile; fileRef = 6B5DD44323B5E94E009B4F79 /* Assets.xcassets */; };
		6B5DD44723B5E94E009B4F79 /* LaunchScreen.storyboard in Resources */ = {isa = PBXBuildFile; fileRef = 6B5DD44523B5E94E009B4F79 /* LaunchScreen.storyboard */; };
		6B5DD44F23B5EEE3009B4F79 /* MVVMViewController.swift in Sources */ = {isa = PBXBuildFile; fileRef = 6B5DD44E23B5EEE3009B4F79 /* MVVMViewController.swift */; };
		6B5DD45623B5F00A009B4F79 /* Model.swift in Sources */ = {isa = PBXBuildFile; fileRef = 6B5DD45523B5F00A009B4F79 /* Model.swift */; };
		6B5DD45823B5F02C009B4F79 /* VC-Extension+TableViewDataSource.swift in Sources */ = {isa = PBXBuildFile; fileRef = 6B5DD45723B5F02C009B4F79 /* VC-Extension+TableViewDataSource.swift */; };
		6B5DD45A23B5F038009B4F79 /* VC-Extension+TableViewDelegate.swift in Sources */ = {isa = PBXBuildFile; fileRef = 6B5DD45923B5F038009B4F79 /* VC-Extension+TableViewDelegate.swift */; };
		6B5DD45C23B5F048009B4F79 /* DetailViewController.swift in Sources */ = {isa = PBXBuildFile; fileRef = 6B5DD45B23B5F048009B4F79 /* DetailViewController.swift */; };
		6B5DD45E23B5F377009B4F79 /* ViewModel.swift in Sources */ = {isa = PBXBuildFile; fileRef = 6B5DD45D23B5F377009B4F79 /* ViewModel.swift */; };
/* End PBXBuildFile section */

/* Begin PBXFileReference section */
		6B5DD43923B5E94B009B4F79 /* MVVM_2st_Exam2.app */ = {isa = PBXFileReference; explicitFileType = wrapper.application; includeInIndex = 0; path = MVVM_2st_Exam2.app; sourceTree = BUILT_PRODUCTS_DIR; };
		6B5DD43C23B5E94B009B4F79 /* AppDelegate.swift */ = {isa = PBXFileReference; lastKnownFileType = sourcecode.swift; path = AppDelegate.swift; sourceTree = "<group>"; };
		6B5DD43E23B5E94B009B4F79 /* ViewController.swift */ = {isa = PBXFileReference; lastKnownFileType = sourcecode.swift; path = ViewController.swift; sourceTree = "<group>"; };
		6B5DD44123B5E94B009B4F79 /* Base */ = {isa = PBXFileReference; lastKnownFileType = file.storyboard; name = Base; path = Base.lproj/Main.storyboard; sourceTree = "<group>"; };
		6B5DD44323B5E94E009B4F79 /* Assets.xcassets */ = {isa = PBXFileReference; lastKnownFileType = folder.assetcatalog; path = Assets.xcassets; sourceTree = "<group>"; };
		6B5DD44623B5E94E009B4F79 /* Base */ = {isa = PBXFileReference; lastKnownFileType = file.storyboard; name = Base; path = Base.lproj/LaunchScreen.storyboard; sourceTree = "<group>"; };
		6B5DD44823B5E94E009B4F79 /* Info.plist */ = {isa = PBXFileReference; lastKnownFileType = text.plist.xml; path = Info.plist; sourceTree = "<group>"; };
		6B5DD44E23B5EEE3009B4F79 /* MVVMViewController.swift */ = {isa = PBXFileReference; lastKnownFileType = sourcecode.swift; path = MVVMViewController.swift; sourceTree = "<group>"; };
		6B5DD45523B5F00A009B4F79 /* Model.swift */ = {isa = PBXFileReference; lastKnownFileType = sourcecode.swift; path = Model.swift; sourceTree = "<group>"; };
		6B5DD45723B5F02C009B4F79 /* VC-Extension+TableViewDataSource.swift */ = {isa = PBXFileReference; lastKnownFileType = sourcecode.swift; path = "VC-Extension+TableViewDataSource.swift"; sourceTree = "<group>"; };
		6B5DD45923B5F038009B4F79 /* VC-Extension+TableViewDelegate.swift */ = {isa = PBXFileReference; lastKnownFileType = sourcecode.swift; path = "VC-Extension+TableViewDelegate.swift"; sourceTree = "<group>"; };
		6B5DD45B23B5F048009B4F79 /* DetailViewController.swift */ = {isa = PBXFileReference; lastKnownFileType = sourcecode.swift; path = DetailViewController.swift; sourceTree = "<group>"; };
		6B5DD45D23B5F377009B4F79 /* ViewModel.swift */ = {isa = PBXFileReference; lastKnownFileType = sourcecode.swift; path = ViewModel.swift; sourceTree = "<group>"; };
/* End PBXFileReference section */

/* Begin PBXFrameworksBuildPhase section */
		6B5DD43623B5E94B009B4F79 /* Frameworks */ = {
			isa = PBXFrameworksBuildPhase;
			buildActionMask = 2147483647;
			files = (
			);
			runOnlyForDeploymentPostprocessing = 0;
		};
/* End PBXFrameworksBuildPhase section */

/* Begin PBXGroup section */
		6B5DD43023B5E94B009B4F79 = {
			isa = PBXGroup;
			children = (
				6B5DD43B23B5E94B009B4F79 /* MVVM_2st_Exam2 */,
				6B5DD43A23B5E94B009B4F79 /* Products */,
			);
			sourceTree = "<group>";
		};
		6B5DD43A23B5E94B009B4F79 /* Products */ = {
			isa = PBXGroup;
			children = (
				6B5DD43923B5E94B009B4F79 /* MVVM_2st_Exam2.app */,
			);
			name = Products;
			sourceTree = "<group>";
		};
		6B5DD43B23B5E94B009B4F79 /* MVVM_2st_Exam2 */ = {
			isa = PBXGroup;
			children = (
				6B5DD43C23B5E94B009B4F79 /* AppDelegate.swift */,
				6B5DD43E23B5E94B009B4F79 /* ViewController.swift */,
				6B5DD45023B5EF1D009B4F79 /* MVVM_Example */,
				6B5DD44323B5E94E009B4F79 /* Assets.xcassets */,
				6B5DD44823B5E94E009B4F79 /* Info.plist */,
			);
			path = MVVM_2st_Exam2;
			sourceTree = "<group>";
		};
		6B5DD45023B5EF1D009B4F79 /* MVVM_Example */ = {
			isa = PBXGroup;
			children = (
				6B5DD45423B5EFE3009B4F79 /* View */,
				6B5DD45323B5EFD0009B4F79 /* Controller */,
				6B5DD45223B5EFC9009B4F79 /* VIewModel */,
				6B5DD45123B5EF36009B4F79 /* Model */,
			);
			path = MVVM_Example;
			sourceTree = "<group>";
		};
		6B5DD45123B5EF36009B4F79 /* Model */ = {
			isa = PBXGroup;
			children = (
				6B5DD45523B5F00A009B4F79 /* Model.swift */,
			);
			path = Model;
			sourceTree = "<group>";
		};
		6B5DD45223B5EFC9009B4F79 /* VIewModel */ = {
			isa = PBXGroup;
			children = (
				6B5DD45D23B5F377009B4F79 /* ViewModel.swift */,
			);
			path = VIewModel;
			sourceTree = "<group>";
		};
		6B5DD45323B5EFD0009B4F79 /* Controller */ = {
			isa = PBXGroup;
			children = (
				6B5DD44E23B5EEE3009B4F79 /* MVVMViewController.swift */,
				6B5DD45723B5F02C009B4F79 /* VC-Extension+TableViewDataSource.swift */,
				6B5DD45923B5F038009B4F79 /* VC-Extension+TableViewDelegate.swift */,
				6B5DD45B23B5F048009B4F79 /* DetailViewController.swift */,
			);
			path = Controller;
			sourceTree = "<group>";
		};
		6B5DD45423B5EFE3009B4F79 /* View */ = {
			isa = PBXGroup;
			children = (
				6B5DD44523B5E94E009B4F79 /* LaunchScreen.storyboard */,
				6B5DD44023B5E94B009B4F79 /* Main.storyboard */,
			);
			path = View;
			sourceTree = "<group>";
		};
/* End PBXGroup section */

/* Begin PBXNativeTarget section */
		6B5DD43823B5E94B009B4F79 /* MVVM_2st_Exam2 */ = {
			isa = PBXNativeTarget;
			buildConfigurationList = 6B5DD44B23B5E94E009B4F79 /* Build configuration list for PBXNativeTarget "MVVM_2st_Exam2" */;
			buildPhases = (
				6B5DD43523B5E94B009B4F79 /* Sources */,
				6B5DD43623B5E94B009B4F79 /* Frameworks */,
				6B5DD43723B5E94B009B4F79 /* Resources */,
			);
			buildRules = (
			);
			dependencies = (
			);
			name = MVVM_2st_Exam2;
			productName = MVVM_2st_Exam2;
			productReference = 6B5DD43923B5E94B009B4F79 /* MVVM_2st_Exam2.app */;
			productType = "com.apple.product-type.application";
		};
/* End PBXNativeTarget section */

/* Begin PBXProject section */
		6B5DD43123B5E94B009B4F79 /* Project object */ = {
			isa = PBXProject;
			attributes = {
				LastSwiftUpdateCheck = 1020;
				LastUpgradeCheck = 1020;
				ORGANIZATIONNAME = JS;
				TargetAttributes = {
					6B5DD43823B5E94B009B4F79 = {
						CreatedOnToolsVersion = 10.2.1;
					};
				};
			};
			buildConfigurationList = 6B5DD43423B5E94B009B4F79 /* Build configuration list for PBXProject "MVVM_2st_Exam2" */;
			compatibilityVersion = "Xcode 9.3";
			developmentRegion = en;
			hasScannedForEncodings = 0;
			knownRegions = (
				en,
				Base,
			);
			mainGroup = 6B5DD43023B5E94B009B4F79;
			productRefGroup = 6B5DD43A23B5E94B009B4F79 /* Products */;
			projectDirPath = "";
			projectRoot = "";
			targets = (
				6B5DD43823B5E94B009B4F79 /* MVVM_2st_Exam2 */,
			);
		};
/* End PBXProject section */

/* Begin PBXResourcesBuildPhase section */
		6B5DD43723B5E94B009B4F79 /* Resources */ = {
			isa = PBXResourcesBuildPhase;
			buildActionMask = 2147483647;
			files = (
				6B5DD44723B5E94E009B4F79 /* LaunchScreen.storyboard in Resources */,
				6B5DD44423B5E94E009B4F79 /* Assets.xcassets in Resources */,
				6B5DD44223B5E94B009B4F79 /* Main.storyboard in Resources */,
			);
			runOnlyForDeploymentPostprocessing = 0;
		};
/* End PBXResourcesBuildPhase section */

/* Begin PBXSourcesBuildPhase section */
		6B5DD43523B5E94B009B4F79 /* Sources */ = {
			isa = PBXSourcesBuildPhase;
			buildActionMask = 2147483647;
			files = (
				6B5DD45823B5F02C009B4F79 /* VC-Extension+TableViewDataSource.swift in Sources */,
				6B5DD43F23B5E94B009B4F79 /* ViewController.swift in Sources */,
				6B5DD43D23B5E94B009B4F79 /* AppDelegate.swift in Sources */,
				6B5DD44F23B5EEE3009B4F79 /* MVVMViewController.swift in Sources */,
				6B5DD45623B5F00A009B4F79 /* Model.swift in Sources */,
				6B5DD45A23B5F038009B4F79 /* VC-Extension+TableViewDelegate.swift in Sources */,
				6B5DD45E23B5F377009B4F79 /* ViewModel.swift in Sources */,
				6B5DD45C23B5F048009B4F79 /* DetailViewController.swift in Sources */,
			);
			runOnlyForDeploymentPostprocessing = 0;
		};
/* End PBXSourcesBuildPhase section */

/* Begin PBXVariantGroup section */
		6B5DD44023B5E94B009B4F79 /* Main.storyboard */ = {
			isa = PBXVariantGroup;
			children = (
				6B5DD44123B5E94B009B4F79 /* Base */,
			);
			name = Main.storyboard;
			sourceTree = "<group>";
		};
		6B5DD44523B5E94E009B4F79 /* LaunchScreen.storyboard */ = {
			isa = PBXVariantGroup;
			children = (
				6B5DD44623B5E94E009B4F79 /* Base */,
			);
			name = LaunchScreen.storyboard;
			sourceTree = "<group>";
		};
/* End PBXVariantGroup section */

/* Begin XCBuildConfiguration section */
		6B5DD44923B5E94E009B4F79 /* Debug */ = {
			isa = XCBuildConfiguration;
			buildSettings = {
				ALWAYS_SEARCH_USER_PATHS = NO;
				CLANG_ANALYZER_NONNULL = YES;
				CLANG_ANALYZER_NUMBER_OBJECT_CONVERSION = YES_AGGRESSIVE;
				CLANG_CXX_LANGUAGE_STANDARD = "gnu++14";
				CLANG_CXX_LIBRARY = "libc++";
				CLANG_ENABLE_MODULES = YES;
				CLANG_ENABLE_OBJC_ARC = YES;
				CLANG_ENABLE_OBJC_WEAK = YES;
				CLANG_WARN_BLOCK_CAPTURE_AUTORELEASING = YES;
				CLANG_WARN_BOOL_CONVERSION = YES;
				CLANG_WARN_COMMA = YES;
				CLANG_WARN_CONSTANT_CONVERSION = YES;
				CLANG_WARN_DEPRECATED_OBJC_IMPLEMENTATIONS = YES;
				CLANG_WARN_DIRECT_OBJC_ISA_USAGE = YES_ERROR;
				CLANG_WARN_DOCUMENTATION_COMMENTS = YES;
				CLANG_WARN_EMPTY_BODY = YES;
				CLANG_WARN_ENUM_CONVERSION = YES;
				CLANG_WARN_INFINITE_RECURSION = YES;
				CLANG_WARN_INT_CONVERSION = YES;
				CLANG_WARN_NON_LITERAL_NULL_CONVERSION = YES;
				CLANG_WARN_OBJC_IMPLICIT_RETAIN_SELF = YES;
				CLANG_WARN_OBJC_LITERAL_CONVERSION = YES;
				CLANG_WARN_OBJC_ROOT_CLASS = YES_ERROR;
				CLANG_WARN_RANGE_LOOP_ANALYSIS = YES;
				CLANG_WARN_STRICT_PROTOTYPES = YES;
				CLANG_WARN_SUSPICIOUS_MOVE = YES;
				CLANG_WARN_UNGUARDED_AVAILABILITY = YES_AGGRESSIVE;
				CLANG_WARN_UNREACHABLE_CODE = YES;
				CLANG_WARN__DUPLICATE_METHOD_MATCH = YES;
				CODE_SIGN_IDENTITY = "iPhone Developer";
				COPY_PHASE_STRIP = NO;
				DEBUG_INFORMATION_FORMAT = dwarf;
				ENABLE_STRICT_OBJC_MSGSEND = YES;
				ENABLE_TESTABILITY = YES;
				GCC_C_LANGUAGE_STANDARD = gnu11;
				GCC_DYNAMIC_NO_PIC = NO;
				GCC_NO_COMMON_BLOCKS = YES;
				GCC_OPTIMIZATION_LEVEL = 0;
				GCC_PREPROCESSOR_DEFINITIONS = (
					"DEBUG=1",
					"$(inherited)",
				);
				GCC_WARN_64_TO_32_BIT_CONVERSION = YES;
				GCC_WARN_ABOUT_RETURN_TYPE = YES_ERROR;
				GCC_WARN_UNDECLARED_SELECTOR = YES;
				GCC_WARN_UNINITIALIZED_AUTOS = YES_AGGRESSIVE;
				GCC_WARN_UNUSED_FUNCTION = YES;
				GCC_WARN_UNUSED_VARIABLE = YES;
				IPHONEOS_DEPLOYMENT_TARGET = 12.2;
				MTL_ENABLE_DEBUG_INFO = INCLUDE_SOURCE;
				MTL_FAST_MATH = YES;
				ONLY_ACTIVE_ARCH = YES;
				SDKROOT = iphoneos;
				SWIFT_ACTIVE_COMPILATION_CONDITIONS = DEBUG;
				SWIFT_OPTIMIZATION_LEVEL = "-Onone";
			};
			name = Debug;
		};
		6B5DD44A23B5E94E009B4F79 /* Release */ = {
			isa = XCBuildConfiguration;
			buildSettings = {
				ALWAYS_SEARCH_USER_PATHS = NO;
				CLANG_ANALYZER_NONNULL = YES;
				CLANG_ANALYZER_NUMBER_OBJECT_CONVERSION = YES_AGGRESSIVE;
				CLANG_CXX_LANGUAGE_STANDARD = "gnu++14";
				CLANG_CXX_LIBRARY = "libc++";
				CLANG_ENABLE_MODULES = YES;
				CLANG_ENABLE_OBJC_ARC = YES;
				CLANG_ENABLE_OBJC_WEAK = YES;
				CLANG_WARN_BLOCK_CAPTURE_AUTORELEASING = YES;
				CLANG_WARN_BOOL_CONVERSION = YES;
				CLANG_WARN_COMMA = YES;
				CLANG_WARN_CONSTANT_CONVERSION = YES;
				CLANG_WARN_DEPRECATED_OBJC_IMPLEMENTATIONS = YES;
				CLANG_WARN_DIRECT_OBJC_ISA_USAGE = YES_ERROR;
				CLANG_WARN_DOCUMENTATION_COMMENTS = YES;
				CLANG_WARN_EMPTY_BODY = YES;
				CLANG_WARN_ENUM_CONVERSION = YES;
				CLANG_WARN_INFINITE_RECURSION = YES;
				CLANG_WARN_INT_CONVERSION = YES;
				CLANG_WARN_NON_LITERAL_NULL_CONVERSION = YES;
				CLANG_WARN_OBJC_IMPLICIT_RETAIN_SELF = YES;
				CLANG_WARN_OBJC_LITERAL_CONVERSION = YES;
				CLANG_WARN_OBJC_ROOT_CLASS = YES_ERROR;
				CLANG_WARN_RANGE_LOOP_ANALYSIS = YES;
				CLANG_WARN_STRICT_PROTOTYPES = YES;
				CLANG_WARN_SUSPICIOUS_MOVE = YES;
				CLANG_WARN_UNGUARDED_AVAILABILITY = YES_AGGRESSIVE;
				CLANG_WARN_UNREACHABLE_CODE = YES;
				CLANG_WARN__DUPLICATE_METHOD_MATCH = YES;
				CODE_SIGN_IDENTITY = "iPhone Developer";
				COPY_PHASE_STRIP = NO;
				DEBUG_INFORMATION_FORMAT = "dwarf-with-dsym";
				ENABLE_NS_ASSERTIONS = NO;
				ENABLE_STRICT_OBJC_MSGSEND = YES;
				GCC_C_LANGUAGE_STANDARD = gnu11;
				GCC_NO_COMMON_BLOCKS = YES;
				GCC_WARN_64_TO_32_BIT_CONVERSION = YES;
				GCC_WARN_ABOUT_RETURN_TYPE = YES_ERROR;
				GCC_WARN_UNDECLARED_SELECTOR = YES;
				GCC_WARN_UNINITIALIZED_AUTOS = YES_AGGRESSIVE;
				GCC_WARN_UNUSED_FUNCTION = YES;
				GCC_WARN_UNUSED_VARIABLE = YES;
				IPHONEOS_DEPLOYMENT_TARGET = 12.2;
				MTL_ENABLE_DEBUG_INFO = NO;
				MTL_FAST_MATH = YES;
				SDKROOT = iphoneos;
				SWIFT_COMPILATION_MODE = wholemodule;
				SWIFT_OPTIMIZATION_LEVEL = "-O";
				VALIDATE_PRODUCT = YES;
			};
			name = Release;
		};
		6B5DD44C23B5E94E009B4F79 /* Debug */ = {
			isa = XCBuildConfiguration;
			buildSettings = {
				ASSETCATALOG_COMPILER_APPICON_NAME = AppIcon;
				CODE_SIGN_STYLE = Automatic;
				DEVELOPMENT_TEAM = HWY63NUUS4;
				INFOPLIST_FILE = MVVM_2st_Exam2/Info.plist;
				LD_RUNPATH_SEARCH_PATHS = (
					"$(inherited)",
					"@executable_path/Frameworks",
				);
				PRODUCT_BUNDLE_IDENTIFIER = "com.JS.rStore.MVVM-2st-Exam2";
				PRODUCT_NAME = "$(TARGET_NAME)";
				SWIFT_VERSION = 5.0;
				TARGETED_DEVICE_FAMILY = "1,2";
			};
			name = Debug;
		};
		6B5DD44D23B5E94E009B4F79 /* Release */ = {
			isa = XCBuildConfiguration;
			buildSettings = {
				ASSETCATALOG_COMPILER_APPICON_NAME = AppIcon;
				CODE_SIGN_STYLE = Automatic;
				DEVELOPMENT_TEAM = HWY63NUUS4;
				INFOPLIST_FILE = MVVM_2st_Exam2/Info.plist;
				LD_RUNPATH_SEARCH_PATHS = (
					"$(inherited)",
					"@executable_path/Frameworks",
				);
				PRODUCT_BUNDLE_IDENTIFIER = "com.JS.rStore.MVVM-2st-Exam2";
				PRODUCT_NAME = "$(TARGET_NAME)";
				SWIFT_VERSION = 5.0;
				TARGETED_DEVICE_FAMILY = "1,2";
			};
			name = Release;
		};
/* End XCBuildConfiguration section */

/* Begin XCConfigurationList section */
		6B5DD43423B5E94B009B4F79 /* Build configuration list for PBXProject "MVVM_2st_Exam2" */ = {
			isa = XCConfigurationList;
			buildConfigurations = (
				6B5DD44923B5E94E009B4F79 /* Debug */,
				6B5DD44A23B5E94E009B4F79 /* Release */,
			);
			defaultConfigurationIsVisible = 0;
			defaultConfigurationName = Release;
		};
		6B5DD44B23B5E94E009B4F79 /* Build configuration list for PBXNativeTarget "MVVM_2st_Exam2" */ = {
			isa = XCConfigurationList;
			buildConfigurations = (
				6B5DD44C23B5E94E009B4F79 /* Debug */,
				6B5DD44D23B5E94E009B4F79 /* Release */,
			);
			defaultConfigurationIsVisible = 0;
			defaultConfigurationName = Release;
		};
/* End XCConfigurationList section */
	};
	rootObject = 6B5DD43123B5E94B009B4F79 /* Project object */;
}
